
Microsoft Visual Studio Solution File, Format Version 12.00
# Visual Studio Version 17
VisualStudioVersion = 17.6.33723.286
MinimumVisualStudioVersion = 10.0.40219.1
Project("{9A19103F-16F7-4668-BE54-9A1E7A4F7556}") = "DB_Dumper", "DB_Dumper\DB_Dumper.csproj", "{DE374B0B-27F6-4CA3-A162-E593CE4AA4AE}"
EndProject
Global
	GlobalSection(SolutionConfigurationPlatforms) = preSolution
		Debug|Any CPU = Debug|Any CPU
		Release|Any CPU = Release|Any CPU
	EndGlobalSection
	GlobalSection(ProjectConfigurationPlatforms) = postSolution
		{DE374B0B-27F6-4CA3-A162-E593CE4AA4AE}.Debug|Any CPU.ActiveCfg = Debug|Any CPU
		{DE374B0B-27F6-4CA3-A162-E593CE4AA4AE}.Debug|Any CPU.Build.0 = Debug|Any CPU
		{DE374B0B-27F6-4CA3-A162-E593CE4AA4AE}.Release|Any CPU.ActiveCfg = Release|Any CPU
		{DE374B0B-27F6-4CA3-A162-E593CE4AA4AE}.Release|Any CPU.Build.0 = Release|Any CPU
	EndGlobalSection
	GlobalSection(SolutionProperties) = preSolution
		HideSolutionNode = FALSE
	EndGlobalSection
	GlobalSection(ExtensibilityGlobals) = postSolution
		SolutionGuid = {AD935655-FDD7-4AB0-8A78-F7938114781E}
	EndGlobalSection
EndGlobal
