
Microsoft Visual Studio Solution File, Format Version 12.00
# Visual Studio Version 17
VisualStudioVersion = 17.11.35327.3
MinimumVisualStudioVersion = 10.0.40219.1
Project("{FAE04EC0-301F-11D3-BF4B-00C04F79EFBC}") = "RoboCopySolution", "RoboCopySolution.csproj", "{A022F55E-D1E6-4C71-83FF-323624CBA8D9}"
EndProject
Global
	GlobalSection(SolutionConfigurationPlatforms) = preSolution
		Debug|Any CPU = Debug|Any CPU
		Release|Any CPU = Release|Any CPU
	EndGlobalSection
	GlobalSection(ProjectConfigurationPlatforms) = postSolution
		{A022F55E-D1E6-4C71-83FF-323624CBA8D9}.Debug|Any CPU.ActiveCfg = Debug|Any CPU
		{A022F55E-D1E6-4C71-83FF-323624CBA8D9}.Debug|Any CPU.Build.0 = Debug|Any CPU
		{A022F55E-D1E6-4C71-83FF-323624CBA8D9}.Release|Any CPU.ActiveCfg = Release|Any CPU
		{A022F55E-D1E6-4C71-83FF-323624CBA8D9}.Release|Any CPU.Build.0 = Release|Any CPU
	EndGlobalSection
	GlobalSection(SolutionProperties) = preSolution
		HideSolutionNode = FALSE
	EndGlobalSection
	GlobalSection(ExtensibilityGlobals) = postSolution
		SolutionGuid = {D5AFDD84-266C-45D8-A9BB-5AFE289C7E9B}
	EndGlobalSection
EndGlobal
